{
  "name": "memory-gateway",
  "lockfileVersion": 3,
  "requires": true,
  "packages": {
    "": {
      "dependencies": {
        "@redis-iris/agent-memory": "^0.3.1"
      },
      "engines": {
        "node": "22.x"
      }
    },
    "node_modules/@redis-iris/agent-memory": {
      "version": "0.3.1",
      "resolved": "https://registry.npmjs.org/@redis-iris/agent-memory/-/agent-memory-0.3.1.tgz",
      "integrity": "sha512-gaYU+XmZmz6pVGHAbQFrrcr6bE90+bcn0Xlt+ujTo2Re6BCHzrTovwNua1Y7Zeo0LDjKAuvyt4kEmpol05g8Mg==",
      "license": "MIT",
      "dependencies": {
        "zod": "^3.25.0 || ^4.0.0"
      }
    },
    "node_modules/zod": {
      "version": "4.6.5",
      "resolved": "https://registry.npmjs.org/zod/-/zod-4.6.5.tgz",
      "integrity": "sha512-v5l/aFXZQeai4awLbOpSoHecE9UiMrnfx75tEXLjNonXVARxQ5mOeipTjROUchszUNCqnE+hqAMujRsRHsut2Q==",
      "license": "MIT",
      "funding": {
        "url": "https://github.com/sponsors/colinhacks"
      }
    }
  }
}
